{
  "requires": true,
  "lockfileVersion": 1,
  "dependencies": {
    "bootstrap-icons": {
      "version": "1.0.0-alpha",
      "resolved": "https://registry.npmjs.org/bootstrap-icons/-/bootstrap-icons-1.0.0-alpha.tgz",
      "integrity": "sha512-+Wl/TI3WTuLi6GIsUE1FQhAelRx95uv7pogEBOZcNY9K+u416O3BI1jwXjvkm0tZkmMeY+5KTD89ylRrjccNxw=="
    }
  }
}
